
Microsoft Visual Studio Solution File, Format Version 12.00
# Visual Studio 15
VisualStudioVersion = 15.0.28307.1082
MinimumVisualStudioVersion = 10.0.40219.1
Project("{8BC9CEB8-8B4A-11D0-8D11-00A0C91BC942}") = "lab4", "lab4\lab4.vcxproj", "{5B1675B2-707D-44EB-9326-14960D1BC175}"
EndProject
Global
	GlobalSection(SolutionConfigurationPlatforms) = preSolution
		Debug|x64 = Debug|x64
		Debug|x86 = Debug|x86
		Release|x64 = Release|x64
		Release|x86 = Release|x86
	EndGlobalSection
	GlobalSection(ProjectConfigurationPlatforms) = postSolution
		{5B1675B2-707D-44EB-9326-14960D1BC175}.Debug|x64.ActiveCfg = Debug|x64
		{5B1675B2-707D-44EB-9326-14960D1BC175}.Debug|x64.Build.0 = Debug|x64
		{5B1675B2-707D-44EB-9326-14960D1BC175}.Debug|x86.ActiveCfg = Debug|Win32
		{5B1675B2-707D-44EB-9326-14960D1BC175}.Debug|x86.Build.0 = Debug|Win32
		{5B1675B2-707D-44EB-9326-14960D1BC175}.Release|x64.ActiveCfg = Release|x64
		{5B1675B2-707D-44EB-9326-14960D1BC175}.Release|x64.Build.0 = Release|x64
		{5B1675B2-707D-44EB-9326-14960D1BC175}.Release|x86.ActiveCfg = Release|Win32
		{5B1675B2-707D-44EB-9326-14960D1BC175}.Release|x86.Build.0 = Release|Win32
	EndGlobalSection
	GlobalSection(SolutionProperties) = preSolution
		HideSolutionNode = FALSE
	EndGlobalSection
	GlobalSection(ExtensibilityGlobals) = postSolution
		SolutionGuid = {22A628F3-28A3-4BF3-AAB7-CC89E6B13FA5}
	EndGlobalSection
EndGlobal
